
Microsoft Visual Studio Solution File, Format Version 12.00
# Visual Studio 15
VisualStudioVersion = 15.0.27703.2000
MinimumVisualStudioVersion = 10.0.40219.1
Project("{FAE04EC0-301F-11D3-BF4B-00C04F79EFBC}") = "BlobFileExtractor", "BlobFileExtractor\BlobFileExtractor.csproj", "{26320266-28C4-43DB-9803-76DA68359199}"
EndProject
Project("{2150E333-8FDC-42A3-9474-1A3956D46DE8}") = "Solution Items", "Solution Items", "{882F0B87-CA00-4082-8845-04AFEE4CEBE4}"
	ProjectSection(SolutionItems) = preProject
		README.md = README.md
	EndProjectSection
EndProject
Project("{930C7802-8A8C-48F9-8165-68863BCCD9DD}") = "BlobFileExtractor.Installer", "BlobFileExtractor.Installer\BlobFileExtractor.Installer.wixproj", "{FEA6F1D2-D050-4A68-9CDA-161DFD08A011}"
EndProject
Global
	GlobalSection(SolutionConfigurationPlatforms) = preSolution
		Debug|x86 = Debug|x86
		Release|x86 = Release|x86
	EndGlobalSection
	GlobalSection(ProjectConfigurationPlatforms) = postSolution
		{26320266-28C4-43DB-9803-76DA68359199}.Debug|x86.ActiveCfg = Debug|x86
		{26320266-28C4-43DB-9803-76DA68359199}.Debug|x86.Build.0 = Debug|x86
		{26320266-28C4-43DB-9803-76DA68359199}.Release|x86.ActiveCfg = Release|x86
		{26320266-28C4-43DB-9803-76DA68359199}.Release|x86.Build.0 = Release|x86
		{FEA6F1D2-D050-4A68-9CDA-161DFD08A011}.Debug|x86.ActiveCfg = Debug|x86
		{FEA6F1D2-D050-4A68-9CDA-161DFD08A011}.Debug|x86.Build.0 = Debug|x86
		{FEA6F1D2-D050-4A68-9CDA-161DFD08A011}.Release|x86.ActiveCfg = Release|x86
		{FEA6F1D2-D050-4A68-9CDA-161DFD08A011}.Release|x86.Build.0 = Release|x86
	EndGlobalSection
	GlobalSection(SolutionProperties) = preSolution
		HideSolutionNode = FALSE
	EndGlobalSection
	GlobalSection(ExtensibilityGlobals) = postSolution
		SolutionGuid = {2506F0AF-A992-4100-BA85-5294A6029720}
	EndGlobalSection
EndGlobal
